// !$*UTF8*$!
{
	archiveVersion = 1;
	classes = {
	};
	objectVersion = 46;
	objects = {

/* Begin PBXBuildFile section */
		CEA383B51C5B4CB0000C2252 /* AppDelegate.swift in Sources */ = {isa = PBXBuildFile; fileRef = CEA383B41C5B4CB0000C2252 /* AppDelegate.swift */; };
		CEA383B71C5B4CB0000C2252 /* ViewController.swift in Sources */ = {isa = PBXBuildFile; fileRef = CEA383B61C5B4CB0000C2252 /* ViewController.swift */; };
		CEA383BA1C5B4CB0000C2252 /* Main.storyboard in Resources */ = {isa = PBXBuildFile; fileRef = CEA383B81C5B4CB0000C2252 /* Main.storyboard */; };
		CEA383BC1C5B4CB0000C2252 /* Assets.xcassets in Resources */ = {isa = PBXBuildFile; fileRef = CEA383BB1C5B4CB0000C2252 /* Assets.xcassets */; };
		CEA383BF1C5B4CB0000C2252 /* LaunchScreen.storyboard in Resources */ = {isa = PBXBuildFile; fileRef = CEA383BD1C5B4CB0000C2252 /* LaunchScreen.storyboard */; };
/* End PBXBuildFile section */

/* Begin PBXFileReference section */
		CEA383B11C5B4CB0000C2252 /* BMI.app */ = {isa = PBXFileReference; explicitFileType = wrapper.application; includeInIndex = 0; path = BMI.app; sourceTree = BUILT_PRODUCTS_DIR; };
		CEA383B41C5B4CB0000C2252 /* AppDelegate.swift */ = {isa = PBXFileReference; lastKnownFileType = sourcecode.swift; path = AppDelegate.swift; sourceTree = "<group>"; };
		CEA383B61C5B4CB0000C2252 /* ViewController.swift */ = {isa = PBXFileReference; lastKnownFileType = sourcecode.swift; path = ViewController.swift; sourceTree = "<group>"; };
		CEA383B91C5B4CB0000C2252 /* Base */ = {isa = PBXFileReference; lastKnownFileType = file.storyboard; name = Base; path = Base.lproj/Main.storyboard; sourceTree = "<group>"; };
		CEA383BB1C5B4CB0000C2252 /* Assets.xcassets */ = {isa = PBXFileReference; lastKnownFileType = folder.assetcatalog; path = Assets.xcassets; sourceTree = "<group>"; };
		CEA383BE1C5B4CB0000C2252 /* Base */ = {isa = PBXFileReference; lastKnownFileType = file.storyboard; name = Base; path = Base.lproj/LaunchScreen.storyboard; sourceTree = "<group>"; };
		CEA383C01C5B4CB0000C2252 /* Info.plist */ = {isa = PBXFileReference; lastKnownFileType = text.plist.xml; path = Info.plist; sourceTree = "<group>"; };
/* End PBXFileReference section */

/* Begin PBXFrameworksBuildPhase section */
		CEA383AE1C5B4CB0000C2252 /* Frameworks */ = {
			isa = PBXFrameworksBuildPhase;
			buildActionMask = 2147483647;
			files = (
			);
			runOnlyForDeploymentPostprocessing = 0;
		};
/* End PBXFrameworksBuildPhase section */

/* Begin PBXGroup section */
		CEA383A81C5B4CB0000C2252 = {
			isa = PBXGroup;
			children = (
				CEA383B31C5B4CB0000C2252 /* BMI */,
				CEA383B21C5B4CB0000C2252 /* Products */,
			);
			sourceTree = "<group>";
		};
		CEA383B21C5B4CB0000C2252 /* Products */ = {
			isa = PBXGroup;
			children = (
				CEA383B11C5B4CB0000C2252 /* BMI.app */,
			);
			name = Products;
			sourceTree = "<group>";
		};
		CEA383B31C5B4CB0000C2252 /* BMI */ = {
			isa = PBXGroup;
			children = (
				CEA383B41C5B4CB0000C2252 /* AppDelegate.swift */,
				CEA383B61C5B4CB0000C2252 /* ViewController.swift */,
				CEA383B81C5B4CB0000C2252 /* Main.storyboard */,
				CEA383BB1C5B4CB0000C2252 /* Assets.xcassets */,
				CEA383BD1C5B4CB0000C2252 /* LaunchScreen.storyboard */,
				CEA383C01C5B4CB0000C2252 /* Info.plist */,
			);
			path = BMI;
			sourceTree = "<group>";
		};
/* End PBXGroup section */

/* Begin PBXNativeTarget section */
		CEA383B01C5B4CB0000C2252 /* BMI */ = {
			isa = PBXNativeTarget;
			buildConfigurationList = CEA383C31C5B4CB0000C2252 /* Build configuration list for PBXNativeTarget "BMI" */;
			buildPhases = (
				CEA383AD1C5B4CB0000C2252 /* Sources */,
				CEA383AE1C5B4CB0000C2252 /* Frameworks */,
				CEA383AF1C5B4CB0000C2252 /* Resources */,
			);
			buildRules = (
			);
			dependencies = (
			);
			name = BMI;
			productName = BMI;
			productReference = CEA383B11C5B4CB0000C2252 /* BMI.app */;
			productType = "com.apple.product-type.application";
		};
/* End PBXNativeTarget section */

/* Begin PBXProject section */
		CEA383A91C5B4CB0000C2252 /* Project object */ = {
			isa = PBXProject;
			attributes = {
				LastSwiftUpdateCheck = 0720;
				LastUpgradeCheck = 0720;
				ORGANIZATIONNAME = "蘋果";
				TargetAttributes = {
					CEA383B01C5B4CB0000C2252 = {
						CreatedOnToolsVersion = 7.2;
					};
				};
			};
			buildConfigurationList = CEA383AC1C5B4CB0000C2252 /* Build configuration list for PBXProject "BMI" */;
			compatibilityVersion = "Xcode 3.2";
			developmentRegion = English;
			hasScannedForEncodings = 0;
			knownRegions = (
				en,
				Base,
			);
			mainGroup = CEA383A81C5B4CB0000C2252;
			productRefGroup = CEA383B21C5B4CB0000C2252 /* Products */;
			projectDirPath = "";
			projectRoot = "";
			targets = (
				CEA383B01C5B4CB0000C2252 /* BMI */,
			);
		};
/* End PBXProject section */

/* Begin PBXResourcesBuildPhase section */
		CEA383AF1C5B4CB0000C2252 /* Resources */ = {
			isa = PBXResourcesBuildPhase;
			buildActionMask = 2147483647;
			files = (
				CEA383BF1C5B4CB0000C2252 /* LaunchScreen.storyboard in Resources */,
				CEA383BC1C5B4CB0000C2252 /* Assets.xcassets in Resources */,
				CEA383BA1C5B4CB0000C2252 /* Main.storyboard in Resources */,
			);
			runOnlyForDeploymentPostprocessing = 0;
		};
/* End PBXResourcesBuildPhase section */

/* Begin PBXSourcesBuildPhase section */
		CEA383AD1C5B4CB0000C2252 /* Sources */ = {
			isa = PBXSourcesBuildPhase;
			buildActionMask = 2147483647;
			files = (
				CEA383B71C5B4CB0000C2252 /* ViewController.swift in Sources */,
				CEA383B51C5B4CB0000C2252 /* AppDelegate.swift in Sources */,
			);
			runOnlyForDeploymentPostprocessing = 0;
		};
/* End PBXSourcesBuildPhase section */

/* Begin PBXVariantGroup section */
		CEA383B81C5B4CB0000C2252 /* Main.storyboard */ = {
			isa = PBXVariantGroup;
			children = (
				CEA383B91C5B4CB0000C2252 /* Base */,
			);
			name = Main.storyboard;
			sourceTree = "<group>";
		};
		CEA383BD1C5B4CB0000C2252 /* LaunchScreen.storyboard */ = {
			isa = PBXVariantGroup;
			children = (
				CEA383BE1C5B4CB0000C2252 /* Base */,
			);
			name = LaunchScreen.storyboard;
			sourceTree = "<group>";
		};
/* End PBXVariantGroup section */

/* Begin XCBuildConfiguration section */
		CEA383C11C5B4CB0000C2252 /* Debug */ = {
			isa = XCBuildConfiguration;
			buildSettings = {
				ALWAYS_SEARCH_USER_PATHS = NO;
				CLANG_CXX_LANGUAGE_STANDARD = "gnu++0x";
				CLANG_CXX_LIBRARY = "libc++";
				CLANG_ENABLE_MODULES = YES;
				CLANG_ENABLE_OBJC_ARC = YES;
				CLANG_WARN_BOOL_CONVERSION = YES;
				CLANG_WARN_CONSTANT_CONVERSION = YES;
				CLANG_WARN_DIRECT_OBJC_ISA_USAGE = YES_ERROR;
				CLANG_WARN_EMPTY_BODY = YES;
				CLANG_WARN_ENUM_CONVERSION = YES;
				CLANG_WARN_INT_CONVERSION = YES;
				CLANG_WARN_OBJC_ROOT_CLASS = YES_ERROR;
				CLANG_WARN_UNREACHABLE_CODE = YES;
				CLANG_WARN__DUPLICATE_METHOD_MATCH = YES;
				"CODE_SIGN_IDENTITY[sdk=iphoneos*]" = "iPhone Developer";
				COPY_PHASE_STRIP = NO;
				DEBUG_INFORMATION_FORMAT = dwarf;
				ENABLE_STRICT_OBJC_MSGSEND = YES;
				ENABLE_TESTABILITY = YES;
				GCC_C_LANGUAGE_STANDARD = gnu99;
				GCC_DYNAMIC_NO_PIC = NO;
				GCC_NO_COMMON_BLOCKS = YES;
				GCC_OPTIMIZATION_LEVEL = 0;
				GCC_PREPROCESSOR_DEFINITIONS = (
					"DEBUG=1",
					"$(inherited)",
				);
				GCC_WARN_64_TO_32_BIT_CONVERSION = YES;
				GCC_WARN_ABOUT_RETURN_TYPE = YES_ERROR;
				GCC_WARN_UNDECLARED_SELECTOR = YES;
				GCC_WARN_UNINITIALIZED_AUTOS = YES_AGGRESSIVE;
				GCC_WARN_UNUSED_FUNCTION = YES;
				GCC_WARN_UNUSED_VARIABLE = YES;
				IPHONEOS_DEPLOYMENT_TARGET = 9.2;
				MTL_ENABLE_DEBUG_INFO = YES;
				ONLY_ACTIVE_ARCH = YES;
				SDKROOT = iphoneos;
				SWIFT_OPTIMIZATION_LEVEL = "-Onone";
			};
			name = Debug;
		};
		CEA383C21C5B4CB0000C2252 /* Release */ = {
			isa = XCBuildConfiguration;
			buildSettings = {
				ALWAYS_SEARCH_USER_PATHS = NO;
				CLANG_CXX_LANGUAGE_STANDARD = "gnu++0x";
				CLANG_CXX_LIBRARY = "libc++";
				CLANG_ENABLE_MODULES = YES;
				CLANG_ENABLE_OBJC_ARC = YES;
				CLANG_WARN_BOOL_CONVERSION = YES;
				CLANG_WARN_CONSTANT_CONVERSION = YES;
				CLANG_WARN_DIRECT_OBJC_ISA_USAGE = YES_ERROR;
				CLANG_WARN_EMPTY_BODY = YES;
				CLANG_WARN_ENUM_CONVERSION = YES;
				CLANG_WARN_INT_CONVERSION = YES;
				CLANG_WARN_OBJC_ROOT_CLASS = YES_ERROR;
				CLANG_WARN_UNREACHABLE_CODE = YES;
				CLANG_WARN__DUPLICATE_METHOD_MATCH = YES;
				"CODE_SIGN_IDENTITY[sdk=iphoneos*]" = "iPhone Developer";
				COPY_PHASE_STRIP = NO;
				DEBUG_INFORMATION_FORMAT = "dwarf-with-dsym";
				ENABLE_NS_ASSERTIONS = NO;
				ENABLE_STRICT_OBJC_MSGSEND = YES;
				GCC_C_LANGUAGE_STANDARD = gnu99;
				GCC_NO_COMMON_BLOCKS = YES;
				GCC_WARN_64_TO_32_BIT_CONVERSION = YES;
				GCC_WARN_ABOUT_RETURN_TYPE = YES_ERROR;
				GCC_WARN_UNDECLARED_SELECTOR = YES;
				GCC_WARN_UNINITIALIZED_AUTOS = YES_AGGRESSIVE;
				GCC_WARN_UNUSED_FUNCTION = YES;
				GCC_WARN_UNUSED_VARIABLE = YES;
				IPHONEOS_DEPLOYMENT_TARGET = 9.2;
				MTL_ENABLE_DEBUG_INFO = NO;
				SDKROOT = iphoneos;
				VALIDATE_PRODUCT = YES;
			};
			name = Release;
		};
		CEA383C41C5B4CB0000C2252 /* Debug */ = {
			isa = XCBuildConfiguration;
			buildSettings = {
				ASSETCATALOG_COMPILER_APPICON_NAME = AppIcon;
				INFOPLIST_FILE = BMI/Info.plist;
				LD_RUNPATH_SEARCH_PATHS = "$(inherited) @executable_path/Frameworks";
				PRODUCT_BUNDLE_IDENTIFIER = com.webberlu.BMI;
				PRODUCT_NAME = "$(TARGET_NAME)";
			};
			name = Debug;
		};
		CEA383C51C5B4CB0000C2252 /* Release */ = {
			isa = XCBuildConfiguration;
			buildSettings = {
				ASSETCATALOG_COMPILER_APPICON_NAME = AppIcon;
				INFOPLIST_FILE = BMI/Info.plist;
				LD_RUNPATH_SEARCH_PATHS = "$(inherited) @executable_path/Frameworks";
				PRODUCT_BUNDLE_IDENTIFIER = com.webberlu.BMI;
				PRODUCT_NAME = "$(TARGET_NAME)";
			};
			name = Release;
		};
/* End XCBuildConfiguration section */

/* Begin XCConfigurationList section */
		CEA383AC1C5B4CB0000C2252 /* Build configuration list for PBXProject "BMI" */ = {
			isa = XCConfigurationList;
			buildConfigurations = (
				CEA383C11C5B4CB0000C2252 /* Debug */,
				CEA383C21C5B4CB0000C2252 /* Release */,
			);
			defaultConfigurationIsVisible = 0;
			defaultConfigurationName = Release;
		};
		CEA383C31C5B4CB0000C2252 /* Build configuration list for PBXNativeTarget "BMI" */ = {
			isa = XCConfigurationList;
			buildConfigurations = (
				CEA383C41C5B4CB0000C2252 /* Debug */,
				CEA383C51C5B4CB0000C2252 /* Release */,
			);
			defaultConfigurationIsVisible = 0;
		};
/* End XCConfigurationList section */
	};
	rootObject = CEA383A91C5B4CB0000C2252 /* Project object */;
}
